
Microsoft Visual Studio Solution File, Format Version 12.00
# Visual Studio Version 16
VisualStudioVersion = 25.0.1700.0
MinimumVisualStudioVersion = 10.0.40219.1
Project("{FAE04EC0-301F-11D3-BF4B-00C04F79EFBC}") = "PetStore", "PetStore\PetStore.csproj", "{DAB13220-AD55-459E-B1CA-755F96C8F6E6}"
EndProject
Global
	GlobalSection(SolutionConfigurationPlatforms) = preSolution
		Debug|Any CPU = Debug|Any CPU
		Release|Any CPU = Release|Any CPU
	EndGlobalSection
	GlobalSection(ProjectConfigurationPlatforms) = postSolution
		{DAB13220-AD55-459E-B1CA-755F96C8F6E6}.Debug|Any CPU.ActiveCfg = Debug|Any CPU
		{DAB13220-AD55-459E-B1CA-755F96C8F6E6}.Debug|Any CPU.Build.0 = Debug|Any CPU
		{DAB13220-AD55-459E-B1CA-755F96C8F6E6}.Release|Any CPU.ActiveCfg = Release|Any CPU
		{DAB13220-AD55-459E-B1CA-755F96C8F6E6}.Release|Any CPU.Build.0 = Release|Any CPU
	EndGlobalSection
	GlobalSection(SolutionProperties) = preSolution
		HideSolutionNode = FALSE
	EndGlobalSection
	GlobalSection(ExtensibilityGlobals) = postSolution
		SolutionGuid = {9184DFC6-4795-4AF9-9268-B09381A51806}
	EndGlobalSection
EndGlobal
